schema: '2.0'
stages:
  extract@multiscalemnist:
    cmd: mkdir data/multiscalemnist && tar -xzvf data/multiscalemnist.tar.gz -C data/multiscalemnist
    deps:
    - path: data/multiscalemnist.tar.gz
      md5: fc3dac685f593f4c0be7e469d398c5f9
      size: 169034179
  extract@dsprites:
    cmd: mkdir data/dsprites && tar -xzvf data/dsprites.tar.gz -C data/dsprites
    deps:
    - path: data/dsprites.tar.gz
      md5: 798c39adf6bc07bc27608ab1f83c5a3d
      size: 559115488
  extract@mnist:
    cmd: mkdir data/mnist && tar -xzvf data/mnist.tar.gz -C data/mnist
    deps:
    - path: data/mnist.tar.gz
      md5: b09ea7af3e2bdfb900299d246ab26b39
      size: 183634247
  extract@coco:
    cmd: mkdir data/coco && tar -xzvf data/coco.tar.gz -C data/coco
    deps:
    - path: data/coco.tar.gz
      md5: fb4e458409dd63bbc169c3614eb4cb2e
      size: 19890248854
  extract@coco_small:
    cmd: mkdir data/coco_small && tar -xzvf data/coco_small.tar.gz -C data/coco_small
    deps:
    - path: data/coco_small.tar.gz
      md5: e83eee8c56cffe65c2abd95d6c3644ff
      size: 12156944716
  extract@movi_a:
    cmd: mkdir data/movi_a && tar -xzvf data/movi_a.tar.gz -C data/movi_a
    deps:
    - path: data/movi_a.tar.gz
      md5: af2955460ae64f3e522b4cc75063a412
      size: 588095682
  extract@movi_b:
    cmd: mkdir data/movi_b && tar -xzvf data/movi_b.tar.gz -C data/movi_b
    deps:
    - path: data/movi_b.tar.gz
      md5: 097e5079dd80a5d7a6e947cbeb9d8467
      size: 762505868
  extract@movi_c:
    cmd: mkdir data/movi_c && tar -xzvf data/movi_c.tar.gz -C data/movi_c
    deps:
    - path: data/movi_c.tar.gz
      md5: 8bd58f28251a22c454ab2f325b68bd0f
      size: 1861679500
  extract@movi_d:
    cmd: mkdir data/movi_d && tar -xzvf data/movi_d.tar.gz -C data/movi_d
    deps:
    - path: data/movi_d.tar.gz
      md5: e700570d7a4ac2ea8e3ad5cb57e8340f
      size: 2049752740
  extract@movi_e:
    cmd: mkdir data/movi_e && tar -xzvf data/movi_e.tar.gz -C data/movi_e
    deps:
    - path: data/movi_e.tar.gz
      md5: b478ca6cbc9a65e2fb23a3139d643021
      size: 2375456740
