schema: '2.0'
stages:
  extract@multiscalemnist:
    cmd: mkdir data/multiscalemnist && tar -xzvf data/multiscalemnist.tar.gz -C data/multiscalemnist
    deps:
    - path: data/multiscalemnist.tar.gz
      md5: fc3dac685f593f4c0be7e469d398c5f9
      size: 169034179
  extract@dsprites:
    cmd: mkdir data/dsprites && tar -xzvf data/dsprites.tar.gz -C data/dsprites
    deps:
    - path: data/dsprites.tar.gz
      md5: 798c39adf6bc07bc27608ab1f83c5a3d
      size: 559115488
  extract@mnist:
    cmd: mkdir data/mnist && tar -xzvf data/mnist.tar.gz -C data/mnist
    deps:
    - path: data/mnist.tar.gz
      md5: b09ea7af3e2bdfb900299d246ab26b39
      size: 183634247
  extract@coco:
    cmd: mkdir data/coco && tar -xzvf data/coco.tar.gz -C data/coco
    deps:
    - path: data/coco.tar.gz
      md5: fb4e458409dd63bbc169c3614eb4cb2e
      size: 19890248854
